
Microsoft Visual Studio Solution File, Format Version 12.00
# Visual Studio Version 17
VisualStudioVersion = 17.4.33205.214
MinimumVisualStudioVersion = 10.0.40219.1
Project("{FAE04EC0-301F-11D3-BF4B-00C04F79EFBC}") = "ActiveDirectoryDemoAPI", "ActiveDirectoryDemoAPI\ActiveDirectoryDemoAPI.csproj", "{2D62799B-BBBE-4176-9B53-80D1D1545DD5}"
EndProject
Global
	GlobalSection(SolutionConfigurationPlatforms) = preSolution
		Debug|Any CPU = Debug|Any CPU
		Release|Any CPU = Release|Any CPU
	EndGlobalSection
	GlobalSection(ProjectConfigurationPlatforms) = postSolution
		{2D62799B-BBBE-4176-9B53-80D1D1545DD5}.Debug|Any CPU.ActiveCfg = Debug|Any CPU
		{2D62799B-BBBE-4176-9B53-80D1D1545DD5}.Debug|Any CPU.Build.0 = Debug|Any CPU
		{2D62799B-BBBE-4176-9B53-80D1D1545DD5}.Release|Any CPU.ActiveCfg = Release|Any CPU
		{2D62799B-BBBE-4176-9B53-80D1D1545DD5}.Release|Any CPU.Build.0 = Release|Any CPU
	EndGlobalSection
	GlobalSection(SolutionProperties) = preSolution
		HideSolutionNode = FALSE
	EndGlobalSection
	GlobalSection(ExtensibilityGlobals) = postSolution
		SolutionGuid = {5A6693AC-2D63-42CF-96BE-A7605FC0A412}
	EndGlobalSection
EndGlobal
